// !$*UTF8*$!
{
	archiveVersion = 1;
	classes = {
	};
	objectVersion = 46;
	objects = {

/* Begin PBXBuildFile section */
		30961B931F7549A7005F3D72 /* AppDelegate.swift in Sources */ = {isa = PBXBuildFile; fileRef = 30961B921F7549A7005F3D72 /* AppDelegate.swift */; };
		30961B951F7549A7005F3D72 /* ViewController.swift in Sources */ = {isa = PBXBuildFile; fileRef = 30961B941F7549A7005F3D72 /* ViewController.swift */; };
		30961B981F7549A7005F3D72 /* Main.storyboard in Resources */ = {isa = PBXBuildFile; fileRef = 30961B961F7549A7005F3D72 /* Main.storyboard */; };
		30961B9A1F7549A7005F3D72 /* Assets.xcassets in Resources */ = {isa = PBXBuildFile; fileRef = 30961B991F7549A7005F3D72 /* Assets.xcassets */; };
		30961B9D1F7549A7005F3D72 /* LaunchScreen.storyboard in Resources */ = {isa = PBXBuildFile; fileRef = 30961B9B1F7549A7005F3D72 /* LaunchScreen.storyboard */; };
/* End PBXBuildFile section */

/* Begin PBXFileReference section */
		30961B8F1F7549A7005F3D72 /* ControlFund.app */ = {isa = PBXFileReference; explicitFileType = wrapper.application; includeInIndex = 0; path = ControlFund.app; sourceTree = BUILT_PRODUCTS_DIR; };
		30961B921F7549A7005F3D72 /* AppDelegate.swift */ = {isa = PBXFileReference; lastKnownFileType = sourcecode.swift; path = AppDelegate.swift; sourceTree = "<group>"; };
		30961B941F7549A7005F3D72 /* ViewController.swift */ = {isa = PBXFileReference; lastKnownFileType = sourcecode.swift; path = ViewController.swift; sourceTree = "<group>"; };
		30961B971F7549A7005F3D72 /* Base */ = {isa = PBXFileReference; lastKnownFileType = file.storyboard; name = Base; path = Base.lproj/Main.storyboard; sourceTree = "<group>"; };
		30961B991F7549A7005F3D72 /* Assets.xcassets */ = {isa = PBXFileReference; lastKnownFileType = folder.assetcatalog; path = Assets.xcassets; sourceTree = "<group>"; };
		30961B9C1F7549A7005F3D72 /* Base */ = {isa = PBXFileReference; lastKnownFileType = file.storyboard; name = Base; path = Base.lproj/LaunchScreen.storyboard; sourceTree = "<group>"; };
		30961B9E1F7549A7005F3D72 /* Info.plist */ = {isa = PBXFileReference; lastKnownFileType = text.plist.xml; path = Info.plist; sourceTree = "<group>"; };
/* End PBXFileReference section */

/* Begin PBXFrameworksBuildPhase section */
		30961B8C1F7549A7005F3D72 /* Frameworks */ = {
			isa = PBXFrameworksBuildPhase;
			buildActionMask = 2147483647;
			files = (
			);
			runOnlyForDeploymentPostprocessing = 0;
		};
/* End PBXFrameworksBuildPhase section */

/* Begin PBXGroup section */
		30961B861F7549A7005F3D72 = {
			isa = PBXGroup;
			children = (
				30961B911F7549A7005F3D72 /* ControlFund */,
				30961B901F7549A7005F3D72 /* Products */,
			);
			sourceTree = "<group>";
		};
		30961B901F7549A7005F3D72 /* Products */ = {
			isa = PBXGroup;
			children = (
				30961B8F1F7549A7005F3D72 /* ControlFund.app */,
			);
			name = Products;
			sourceTree = "<group>";
		};
		30961B911F7549A7005F3D72 /* ControlFund */ = {
			isa = PBXGroup;
			children = (
				30961B921F7549A7005F3D72 /* AppDelegate.swift */,
				30961B941F7549A7005F3D72 /* ViewController.swift */,
				30961B961F7549A7005F3D72 /* Main.storyboard */,
				30961B991F7549A7005F3D72 /* Assets.xcassets */,
				30961B9B1F7549A7005F3D72 /* LaunchScreen.storyboard */,
				30961B9E1F7549A7005F3D72 /* Info.plist */,
			);
			path = ControlFund;
			sourceTree = "<group>";
		};
/* End PBXGroup section */

/* Begin PBXNativeTarget section */
		30961B8E1F7549A7005F3D72 /* ControlFund */ = {
			isa = PBXNativeTarget;
			buildConfigurationList = 30961BA11F7549A7005F3D72 /* Build configuration list for PBXNativeTarget "ControlFund" */;
			buildPhases = (
				30961B8B1F7549A7005F3D72 /* Sources */,
				30961B8C1F7549A7005F3D72 /* Frameworks */,
				30961B8D1F7549A7005F3D72 /* Resources */,
			);
			buildRules = (
			);
			dependencies = (
			);
			name = ControlFund;
			productName = ControlFund;
			productReference = 30961B8F1F7549A7005F3D72 /* ControlFund.app */;
			productType = "com.apple.product-type.application";
		};
/* End PBXNativeTarget section */

/* Begin PBXProject section */
		30961B871F7549A7005F3D72 /* Project object */ = {
			isa = PBXProject;
			attributes = {
				LastSwiftUpdateCheck = 0830;
				LastUpgradeCheck = 0830;
				ORGANIZATIONNAME = "DEVELOPAPA LIMITED";
				TargetAttributes = {
					30961B8E1F7549A7005F3D72 = {
						CreatedOnToolsVersion = 8.3.3;
						DevelopmentTeam = VVVWNMU88H;
						LastSwiftMigration = 0900;
						ProvisioningStyle = Automatic;
					};
				};
			};
			buildConfigurationList = 30961B8A1F7549A7005F3D72 /* Build configuration list for PBXProject "ControlFund" */;
			compatibilityVersion = "Xcode 3.2";
			developmentRegion = English;
			hasScannedForEncodings = 0;
			knownRegions = (
				en,
				Base,
			);
			mainGroup = 30961B861F7549A7005F3D72;
			productRefGroup = 30961B901F7549A7005F3D72 /* Products */;
			projectDirPath = "";
			projectRoot = "";
			targets = (
				30961B8E1F7549A7005F3D72 /* ControlFund */,
			);
		};
/* End PBXProject section */

/* Begin PBXResourcesBuildPhase section */
		30961B8D1F7549A7005F3D72 /* Resources */ = {
			isa = PBXResourcesBuildPhase;
			buildActionMask = 2147483647;
			files = (
				30961B9D1F7549A7005F3D72 /* LaunchScreen.storyboard in Resources */,
				30961B9A1F7549A7005F3D72 /* Assets.xcassets in Resources */,
				30961B981F7549A7005F3D72 /* Main.storyboard in Resources */,
			);
			runOnlyForDeploymentPostprocessing = 0;
		};
/* End PBXResourcesBuildPhase section */

/* Begin PBXSourcesBuildPhase section */
		30961B8B1F7549A7005F3D72 /* Sources */ = {
			isa = PBXSourcesBuildPhase;
			buildActionMask = 2147483647;
			files = (
				30961B951F7549A7005F3D72 /* ViewController.swift in Sources */,
				30961B931F7549A7005F3D72 /* AppDelegate.swift in Sources */,
			);
			runOnlyForDeploymentPostprocessing = 0;
		};
/* End PBXSourcesBuildPhase section */

/* Begin PBXVariantGroup section */
		30961B961F7549A7005F3D72 /* Main.storyboard */ = {
			isa = PBXVariantGroup;
			children = (
				30961B971F7549A7005F3D72 /* Base */,
			);
			name = Main.storyboard;
			sourceTree = "<group>";
		};
		30961B9B1F7549A7005F3D72 /* LaunchScreen.storyboard */ = {
			isa = PBXVariantGroup;
			children = (
				30961B9C1F7549A7005F3D72 /* Base */,
			);
			name = LaunchScreen.storyboard;
			sourceTree = "<group>";
		};
/* End PBXVariantGroup section */

/* Begin XCBuildConfiguration section */
		30961B9F1F7549A7005F3D72 /* Debug */ = {
			isa = XCBuildConfiguration;
			buildSettings = {
				ALWAYS_SEARCH_USER_PATHS = NO;
				CLANG_ANALYZER_NONNULL = YES;
				CLANG_ANALYZER_NUMBER_OBJECT_CONVERSION = YES_AGGRESSIVE;
				CLANG_CXX_LANGUAGE_STANDARD = "gnu++0x";
				CLANG_CXX_LIBRARY = "libc++";
				CLANG_ENABLE_MODULES = YES;
				CLANG_ENABLE_OBJC_ARC = YES;
				CLANG_WARN_BOOL_CONVERSION = YES;
				CLANG_WARN_CONSTANT_CONVERSION = YES;
				CLANG_WARN_DIRECT_OBJC_ISA_USAGE = YES_ERROR;
				CLANG_WARN_DOCUMENTATION_COMMENTS = YES;
				CLANG_WARN_EMPTY_BODY = YES;
				CLANG_WARN_ENUM_CONVERSION = YES;
				CLANG_WARN_INFINITE_RECURSION = YES;
				CLANG_WARN_INT_CONVERSION = YES;
				CLANG_WARN_OBJC_ROOT_CLASS = YES_ERROR;
				CLANG_WARN_SUSPICIOUS_MOVE = YES;
				CLANG_WARN_UNREACHABLE_CODE = YES;
				CLANG_WARN__DUPLICATE_METHOD_MATCH = YES;
				"CODE_SIGN_IDENTITY[sdk=iphoneos*]" = "iPhone Developer";
				COPY_PHASE_STRIP = NO;
				DEBUG_INFORMATION_FORMAT = dwarf;
				ENABLE_STRICT_OBJC_MSGSEND = YES;
				ENABLE_TESTABILITY = YES;
				GCC_C_LANGUAGE_STANDARD = gnu99;
				GCC_DYNAMIC_NO_PIC = NO;
				GCC_NO_COMMON_BLOCKS = YES;
				GCC_OPTIMIZATION_LEVEL = 0;
				GCC_PREPROCESSOR_DEFINITIONS = (
					"DEBUG=1",
					"$(inherited)",
				);
				GCC_WARN_64_TO_32_BIT_CONVERSION = YES;
				GCC_WARN_ABOUT_RETURN_TYPE = YES_ERROR;
				GCC_WARN_UNDECLARED_SELECTOR = YES;
				GCC_WARN_UNINITIALIZED_AUTOS = YES_AGGRESSIVE;
				GCC_WARN_UNUSED_FUNCTION = YES;
				GCC_WARN_UNUSED_VARIABLE = YES;
				IPHONEOS_DEPLOYMENT_TARGET = 10.3;
				MTL_ENABLE_DEBUG_INFO = YES;
				ONLY_ACTIVE_ARCH = YES;
				SDKROOT = iphoneos;
				SWIFT_ACTIVE_COMPILATION_CONDITIONS = DEBUG;
				SWIFT_OPTIMIZATION_LEVEL = "-Onone";
				TARGETED_DEVICE_FAMILY = "1,2";
			};
			name = Debug;
		};
		30961BA01F7549A7005F3D72 /* Release */ = {
			isa = XCBuildConfiguration;
			buildSettings = {
				ALWAYS_SEARCH_USER_PATHS = NO;
				CLANG_ANALYZER_NONNULL = YES;
				CLANG_ANALYZER_NUMBER_OBJECT_CONVERSION = YES_AGGRESSIVE;
				CLANG_CXX_LANGUAGE_STANDARD = "gnu++0x";
				CLANG_CXX_LIBRARY = "libc++";
				CLANG_ENABLE_MODULES = YES;
				CLANG_ENABLE_OBJC_ARC = YES;
				CLANG_WARN_BOOL_CONVERSION = YES;
				CLANG_WARN_CONSTANT_CONVERSION = YES;
				CLANG_WARN_DIRECT_OBJC_ISA_USAGE = YES_ERROR;
				CLANG_WARN_DOCUMENTATION_COMMENTS = YES;
				CLANG_WARN_EMPTY_BODY = YES;
				CLANG_WARN_ENUM_CONVERSION = YES;
				CLANG_WARN_INFINITE_RECURSION = YES;
				CLANG_WARN_INT_CONVERSION = YES;
				CLANG_WARN_OBJC_ROOT_CLASS = YES_ERROR;
				CLANG_WARN_SUSPICIOUS_MOVE = YES;
				CLANG_WARN_UNREACHABLE_CODE = YES;
				CLANG_WARN__DUPLICATE_METHOD_MATCH = YES;
				"CODE_SIGN_IDENTITY[sdk=iphoneos*]" = "iPhone Developer";
				COPY_PHASE_STRIP = NO;
				DEBUG_INFORMATION_FORMAT = "dwarf-with-dsym";
				ENABLE_NS_ASSERTIONS = NO;
				ENABLE_STRICT_OBJC_MSGSEND = YES;
				GCC_C_LANGUAGE_STANDARD = gnu99;
				GCC_NO_COMMON_BLOCKS = YES;
				GCC_WARN_64_TO_32_BIT_CONVERSION = YES;
				GCC_WARN_ABOUT_RETURN_TYPE = YES_ERROR;
				GCC_WARN_UNDECLARED_SELECTOR = YES;
				GCC_WARN_UNINITIALIZED_AUTOS = YES_AGGRESSIVE;
				GCC_WARN_UNUSED_FUNCTION = YES;
				GCC_WARN_UNUSED_VARIABLE = YES;
				IPHONEOS_DEPLOYMENT_TARGET = 10.3;
				MTL_ENABLE_DEBUG_INFO = NO;
				SDKROOT = iphoneos;
				SWIFT_OPTIMIZATION_LEVEL = "-Owholemodule";
				TARGETED_DEVICE_FAMILY = "1,2";
				VALIDATE_PRODUCT = YES;
			};
			name = Release;
		};
		30961BA21F7549A7005F3D72 /* Debug */ = {
			isa = XCBuildConfiguration;
			buildSettings = {
				ASSETCATALOG_COMPILER_APPICON_NAME = AppIcon;
				DEVELOPMENT_TEAM = VVVWNMU88H;
				INFOPLIST_FILE = ControlFund/Info.plist;
				LD_RUNPATH_SEARCH_PATHS = "$(inherited) @executable_path/Frameworks";
				PRODUCT_BUNDLE_IDENTIFIER = hk.com.developapa.ControlFund;
				PRODUCT_NAME = "$(TARGET_NAME)";
				SWIFT_SWIFT3_OBJC_INFERENCE = On;
				SWIFT_VERSION = 4.0;
			};
			name = Debug;
		};
		30961BA31F7549A7005F3D72 /* Release */ = {
			isa = XCBuildConfiguration;
			buildSettings = {
				ASSETCATALOG_COMPILER_APPICON_NAME = AppIcon;
				DEVELOPMENT_TEAM = VVVWNMU88H;
				INFOPLIST_FILE = ControlFund/Info.plist;
				LD_RUNPATH_SEARCH_PATHS = "$(inherited) @executable_path/Frameworks";
				PRODUCT_BUNDLE_IDENTIFIER = hk.com.developapa.ControlFund;
				PRODUCT_NAME = "$(TARGET_NAME)";
				SWIFT_SWIFT3_OBJC_INFERENCE = On;
				SWIFT_VERSION = 4.0;
			};
			name = Release;
		};
/* End XCBuildConfiguration section */

/* Begin XCConfigurationList section */
		30961B8A1F7549A7005F3D72 /* Build configuration list for PBXProject "ControlFund" */ = {
			isa = XCConfigurationList;
			buildConfigurations = (
				30961B9F1F7549A7005F3D72 /* Debug */,
				30961BA01F7549A7005F3D72 /* Release */,
			);
			defaultConfigurationIsVisible = 0;
			defaultConfigurationName = Release;
		};
		30961BA11F7549A7005F3D72 /* Build configuration list for PBXNativeTarget "ControlFund" */ = {
			isa = XCConfigurationList;
			buildConfigurations = (
				30961BA21F7549A7005F3D72 /* Debug */,
				30961BA31F7549A7005F3D72 /* Release */,
			);
			defaultConfigurationIsVisible = 0;
			defaultConfigurationName = Release;
		};
/* End XCConfigurationList section */
	};
	rootObject = 30961B871F7549A7005F3D72 /* Project object */;
}
